dependencies:
  node-fetch: 2.6.1
devDependencies:
  '@sveltejs/adapter-netlify': 1.0.0-next.3
  '@sveltejs/adapter-node': 1.0.0-next.7
  '@sveltejs/kit': 1.0.0-next.48_svelte@3.35.0+vite@2.0.5
  '@types/debounce': 1.2.0
  country-code-lookup: 0.0.19
  d3-scale: 3.2.3
  d3-scale-chromatic: 2.0.0
  d3-shape: 2.1.0
  debounce: 1.2.1
  encoding: 0.1.13
  reduce-unique: 2.0.1
  sass: 1.32.8
  svelte: 3.35.0
  svelte-preprocess: 4.6.9_3267835ea6c3508f3743accbc37c06ef
  tslib: 2.1.0
  typescript: 4.2.3
  vite: 2.0.5
lockfileVersion: 5.2
packages:
  /@rollup/pluginutils/4.1.0:
    dependencies:
      estree-walker: 2.0.2
      picomatch: 2.2.2
    dev: true
    engines:
      node: '>= 8.0.0'
    peerDependencies:
      rollup: ^1.20.0||^2.0.0
    resolution:
      integrity: sha512-TrBhfJkFxA+ER+ew2U2/fHbebhLT/l/2pRk0hfj9KusXUuRXd2v0R58AfaZK9VXDQ4TogOSEmICVrQAA3zFnHQ==
  /@sveltejs/adapter-netlify/1.0.0-next.3:
    dependencies:
      toml: 3.0.0
    dev: true
    resolution:
      integrity: sha512-wlQmSlujoh1BM1Shh/xsSOUPTudypyKfg4ssCV05o+2An4SBHO8PIiFqgWxMBnvFyTJu2VGHu1Ruxzf1yoaQqA==
  /@sveltejs/adapter-node/1.0.0-next.7:
    dev: true
    resolution:
      integrity: sha512-5lwBlZZcmrD0g2Ta3hbv9YxOLsngEC2c5Ce8zgpTFcHjuBdKXIBV3djJbrfFkSIUKuOG4057WzlLGlk0wWS14w==
  /@sveltejs/kit/1.0.0-next.48_svelte@3.35.0+vite@2.0.5:
    dependencies:
      '@svitejs/vite-plugin-svelte': 0.11.0_svelte@3.35.0+vite@2.0.5
      cheap-watch: 1.0.3
      sade: 1.7.4
      svelte: 3.35.0
      vite: 2.0.5
    dev: true
    hasBin: true
    peerDependencies:
      svelte: ^3.32.1
      vite: ^2.0.4
    resolution:
      integrity: sha512-UFMc19MMGWTQQEWPzT3Fl7rr2eXr1DVVvFRvmYS1c/dPFVJABKqo9DU33590FfPLy72K+he1nmhrY+zoTNZWfQ==
  /@svitejs/vite-plugin-svelte/0.11.0_svelte@3.35.0+vite@2.0.5:
    dependencies:
      '@rollup/pluginutils': 4.1.0
      chalk: 4.1.0
      debug: 4.3.1
      hash-sum: 2.0.0
      require-relative: 0.8.7
      slash: 3.0.0
      source-map: 0.7.3
      svelte: 3.35.0
      svelte-hmr: 0.13.0-2_svelte@3.35.0
      vite: 2.0.5
    dev: true
    engines:
      node: '>=12.0.0'
    peerDependencies:
      svelte: ^3.35.0
      vite: ^2.0.5
    resolution:
      integrity: sha512-Zeha2eeFHUyHvyd1pqK+e5NfTeZ9zwgYSGd4fOMK/GN9iTKNhGighxWAibafE/Bh2V1JC3JEvqc+nxK+PyQE2Q==
  /@types/debounce/1.2.0:
    dev: true
    resolution:
      integrity: sha512-bWG5wapaWgbss9E238T0R6bfo5Fh3OkeoSt245CM7JJwVwpw6MEBCbIxLq5z8KzsE3uJhzcIuQkyiZmzV3M/Dw==
  /@types/node/14.14.34:
    dev: true
    resolution:
      integrity: sha512-dBPaxocOK6UVyvhbnpFIj2W+S+1cBTkHQbFQfeeJhoKFbzYcVUGHvddeWPSucKATb3F0+pgDq0i6ghEaZjsugA==
  /@types/pug/2.0.4:
    dev: true
    resolution:
      integrity: sha1-h3L80EGOPNLMFxVV1zAHQVBR9LI=
  /@types/sass/1.16.0:
    dependencies:
      '@types/node': 14.14.34
    dev: true
    resolution:
      integrity: sha512-2XZovu4NwcqmtZtsBR5XYLw18T8cBCnU2USFHTnYLLHz9fkhnoEMoDsqShJIOFsFhn5aJHjweiUUdTrDGujegA==
  /ansi-styles/4.3.0:
    dependencies:
      color-convert: 2.0.1
    dev: true
    engines:
      node: '>=8'
    resolution:
      integrity: sha512-zbB9rCJAT1rbjiVDb2hqKFHNYLxgtk8NURxZ3IZwD3F6NtxbXZQCnnSi1Lkx+IDohdPlFp222wVALIheZJQSEg==
  /anymatch/3.1.1:
    dependencies:
      normalize-path: 3.0.0
      picomatch: 2.2.2
    dev: true
    engines:
      node: '>= 8'
    resolution:
      integrity: sha512-mM8522psRCqzV+6LhomX5wgp25YVibjh8Wj23I5RPkPppSVSjyKD2A2mBJmWGa+KN7f2D6LNh9jkBCeyLktzjg==
  /binary-extensions/2.2.0:
    dev: true
    engines:
      node: '>=8'
    resolution:
      integrity: sha512-jDctJ/IVQbZoJykoeHbhXpOlNBqGNcwXJKJog42E5HDPUwQTSdjCHdihjj0DlnheQ7blbT6dHOafNAiS8ooQKA==
  /braces/3.0.2:
    dependencies:
      fill-range: 7.0.1
    dev: true
    engines:
      node: '>=8'
    resolution:
      integrity: sha512-b8um+L1RzM3WDSzvhm6gIz1yfTbBt6YTlcEKAvsmqCZZFw46z626lVj9j1yEPW33H5H+lBQpZMP1k8l+78Ha0A==
  /chalk/4.1.0:
    dependencies:
      ansi-styles: 4.3.0
      supports-color: 7.2.0
    dev: true
    engines:
      node: '>=10'
    resolution:
      integrity: sha512-qwx12AxXe2Q5xQ43Ac//I6v5aXTipYrSESdOgzrN+9XjgEpyjpKuvSGaN4qE93f7TQTlerQQ8S+EQ0EyDoVL1A==
  /cheap-watch/1.0.3:
    dev: true
    engines:
      node: '>=8'
    resolution:
      integrity: sha512-xC5CruMhLzjPwJ5ecUxGu1uGmwJQykUhqd2QrCrYbwvsFYdRyviu6jG9+pccwDXJR/OpmOTOJ9yLFunVgQu9wg==
  /chokidar/3.5.1:
    dependencies:
      anymatch: 3.1.1
      braces: 3.0.2
      glob-parent: 5.1.2
      is-binary-path: 2.1.0
      is-glob: 4.0.1
      normalize-path: 3.0.0
      readdirp: 3.5.0
    dev: true
    engines:
      node: '>= 8.10.0'
    optionalDependencies:
      fsevents: 2.3.2
    resolution:
      integrity: sha512-9+s+Od+W0VJJzawDma/gvBNQqkTiqYTWLuZoyAsivsI4AaWTCzHG06/TMjsf1cYe9Cb97UCEhjz7HvnPk2p/tw==
  /color-convert/2.0.1:
    dependencies:
      color-name: 1.1.4
    dev: true
    engines:
      node: '>=7.0.0'
    resolution:
      integrity: sha512-RRECPsj7iu/xb5oKYcsFHSppFNnsj/52OVTRKb4zP5onXwVF3zVmmToNcOfGC+CRDpfK/U584fMg38ZHCaElKQ==
  /color-name/1.1.4:
    dev: true
    resolution:
      integrity: sha512-dOy+3AuW3a2wNbZHIuMZpTcgjGuLU/uBL/ubcZF9OXbDo8ff4O8yVp5Bf0efS8uEoYo5q4Fx7dY9OgQGXgAsQA==
  /colorette/1.2.2:
    dev: true
    resolution:
      integrity: sha512-MKGMzyfeuutC/ZJ1cba9NqcNpfeqMUcYmyF1ZFY6/Cn7CNSAKx6a+s48sqLqyAiZuaP2TcqMhoo+dlwFnVxT9w==
  /country-code-lookup/0.0.19:
    dev: true
    resolution:
      integrity: sha512-lpvgdPyj8RuP0CSZhACNf5ueKlLbv/IQUAQfg7yr/qJbFrdcWV7Y+aDN9K/u/bx3MXRfcsjuW+TdIc0AEj7kDw==
  /d3-array/2.12.0:
    dependencies:
      internmap: 1.0.1
    dev: true
    resolution:
      integrity: sha512-T6H/qNldyD/1OlRkJbonb3u3MPhNwju8OPxYv0YSjDb/B2RUeeBEHzIpNrYiinwpmz8+am+puMrpcrDWgY9wRg==
  /d3-color/2.0.0:
    dev: true
    resolution:
      integrity: sha512-SPXi0TSKPD4g9tw0NMZFnR95XVgUZiBH+uUTqQuDu1OsE2zomHU7ho0FISciaPvosimixwHFl3WHLGabv6dDgQ==
  /d3-format/2.0.0:
    dev: true
    resolution:
      integrity: sha512-Ab3S6XuE/Q+flY96HXT0jOXcM4EAClYFnRGY5zsjRGNy6qCYrQsMffs7cV5Q9xejb35zxW5hf/guKw34kvIKsA==
  /d3-interpolate/2.0.1:
    dependencies:
      d3-color: 2.0.0
    dev: true
    resolution:
      integrity: sha512-c5UhwwTs/yybcmTpAVqwSFl6vrQ8JZJoT5F7xNFK9pymv5C0Ymcc9/LIJHtYIggg/yS9YHw8i8O8tgb9pupjeQ==
  /d3-path/2.0.0:
    dev: true
    resolution:
      integrity: sha512-ZwZQxKhBnv9yHaiWd6ZU4x5BtCQ7pXszEV9CU6kRgwIQVQGLMv1oiL4M+MK/n79sYzsj+gcgpPQSctJUsLN7fA==
  /d3-scale-chromatic/2.0.0:
    dependencies:
      d3-color: 2.0.0
      d3-interpolate: 2.0.1
    dev: true
    resolution:
      integrity: sha512-LLqy7dJSL8yDy7NRmf6xSlsFZ6zYvJ4BcWFE4zBrOPnQERv9zj24ohnXKRbyi9YHnYV+HN1oEO3iFK971/gkzA==
  /d3-scale/3.2.3:
    dependencies:
      d3-array: 2.12.0
      d3-format: 2.0.0
      d3-interpolate: 2.0.1
      d3-time: 2.0.0
      d3-time-format: 3.0.0
    dev: true
    resolution:
      integrity: sha512-8E37oWEmEzj57bHcnjPVOBS3n4jqakOeuv1EDdQSiSrYnMCBdMd3nc4HtKk7uia8DUHcY/CGuJ42xxgtEYrX0g==
  /d3-shape/2.1.0:
    dependencies:
      d3-path: 2.0.0
    dev: true
    resolution:
      integrity: sha512-PnjUqfM2PpskbSLTJvAzp2Wv4CZsnAgTfcVRTwW03QR3MkXF8Uo7B1y/lWkAsmbKwuecto++4NlsYcvYpXpTHA==
  /d3-time-format/3.0.0:
    dependencies:
      d3-time: 2.0.0
    dev: true
    resolution:
      integrity: sha512-UXJh6EKsHBTjopVqZBhFysQcoXSv/5yLONZvkQ5Kk3qbwiUYkdX17Xa1PT6U1ZWXGGfB1ey5L8dKMlFq2DO0Ag==
  /d3-time/2.0.0:
    dev: true
    resolution:
      integrity: sha512-2mvhstTFcMvwStWd9Tj3e6CEqtOivtD8AUiHT8ido/xmzrI9ijrUUihZ6nHuf/vsScRBonagOdj0Vv+SEL5G3Q==
  /debounce/1.2.1:
    dev: true
    resolution:
      integrity: sha512-XRRe6Glud4rd/ZGQfiV1ruXSfbvfJedlV9Y6zOlP+2K04vBYiJEte6stfFkCP03aMnY5tsipamumUjL14fofug==
  /debug/4.3.1:
    dependencies:
      ms: 2.1.2
    dev: true
    engines:
      node: '>=6.0'
    peerDependencies:
      supports-color: '*'
    peerDependenciesMeta:
      supports-color:
        optional: true
    resolution:
      integrity: sha512-doEwdvm4PCeK4K3RQN2ZC2BYUBaxwLARCqZmMjtF8a51J2Rb0xpVloFRnCODwqjpwnAoao4pelN8l3RJdv3gRQ==
  /detect-indent/6.0.0:
    dev: true
    engines:
      node: '>=8'
    resolution:
      integrity: sha512-oSyFlqaTHCItVRGK5RmrmjB+CmaMOW7IaNA/kdxqhoa6d17j/5ce9O9eWXmV/KEdRwqpQA+Vqe8a8Bsybu4YnA==
  /encoding/0.1.13:
    dependencies:
      iconv-lite: 0.6.2
    dev: true
    resolution:
      integrity: sha512-ETBauow1T35Y/WZMkio9jiM0Z5xjHHmJ4XmjZOq1l/dXz3lr2sRn87nJy20RupqSh1F2m3HHPSp8ShIPQJrJ3A==
  /esbuild/0.8.57:
    dev: true
    hasBin: true
    requiresBuild: true
    resolution:
      integrity: sha512-j02SFrUwFTRUqiY0Kjplwjm1psuzO1d6AjaXKuOR9hrY0HuPsT6sV42B6myW34h1q4CRy+Y3g4RU/cGJeI/nNA==
  /estree-walker/2.0.2:
    dev: true
    resolution:
      integrity: sha512-Rfkk/Mp/DL7JVje3u18FxFujQlTNR2q6QfMSMB7AvCBx91NGj/ba3kCfza0f6dVDbw7YlRf/nDrn7pQrCCyQ/w==
  /fill-range/7.0.1:
    dependencies:
      to-regex-range: 5.0.1
    dev: true
    engines:
      node: '>=8'
    resolution:
      integrity: sha512-qOo9F+dMUmC2Lcb4BbVvnKJxTPjCm+RRpe4gDuGrzkL7mEVl/djYSu2OdQ2Pa302N4oqkSg9ir6jaLWJ2USVpQ==
  /fsevents/2.3.2:
    dev: true
    engines:
      node: ^8.16.0 || ^10.6.0 || >=11.0.0
    optional: true
    os:
      - darwin
    resolution:
      integrity: sha512-xiqMQR4xAeHTuB9uWm+fFRcIOgKBMiOBP+eXiyT7jsgVCq1bkVygt00oASowB7EdtpOHaaPgKt812P9ab+DDKA==
  /function-bind/1.1.1:
    dev: true
    resolution:
      integrity: sha512-yIovAzMX49sF8Yl58fSCWJ5svSLuaibPxXQJFLmBObTuCr0Mf1KiPopGM9NiFjiYBCbfaa2Fh6breQ6ANVTI0A==
  /glob-parent/5.1.2:
    dependencies:
      is-glob: 4.0.1
    dev: true
    engines:
      node: '>= 6'
    resolution:
      integrity: sha512-AOIgSQCepiJYwP3ARnGx+5VnTu2HBYdzbGP45eLw1vr3zB3vZLeyed1sC9hnbcOc9/SrMyM5RPQrkGz4aS9Zow==
  /has-flag/4.0.0:
    dev: true
    engines:
      node: '>=8'
    resolution:
      integrity: sha512-EykJT/Q1KjTWctppgIAgfSO0tKVuZUjhgMr17kqTumMl6Afv3EISleU7qZUzoXDFTAHTDC4NOoG/ZxU3EvlMPQ==
  /has/1.0.3:
    dependencies:
      function-bind: 1.1.1
    dev: true
    engines:
      node: '>= 0.4.0'
    resolution:
      integrity: sha512-f2dvO0VU6Oej7RkWJGrehjbzMAjFp5/VKPp5tTpWIV4JHHZK1/BxbFRtf/siA2SWTe09caDmVtYYzWEIbBS4zw==
  /hash-sum/2.0.0:
    dev: true
    resolution:
      integrity: sha512-WdZTbAByD+pHfl/g9QSsBIIwy8IT+EsPiKDs0KNX+zSHhdDLFKdZu0BQHljvO+0QI/BasbMSUa8wYNCZTvhslg==
  /iconv-lite/0.6.2:
    dependencies:
      safer-buffer: 2.1.2
    dev: true
    engines:
      node: '>=0.10.0'
    resolution:
      integrity: sha512-2y91h5OpQlolefMPmUlivelittSWy0rP+oYVpn6A7GwVHNE8AWzoYOBNmlwks3LobaJxgHCYZAnyNo2GgpNRNQ==
  /internmap/1.0.1:
    dev: true
    resolution:
      integrity: sha512-lDB5YccMydFBtasVtxnZ3MRBHuaoE8GKsppq+EchKL2U4nK/DmEpPHNH8MZe5HkMtpSiTSOZwfN0tzYjO/lJEw==
  /is-binary-path/2.1.0:
    dependencies:
      binary-extensions: 2.2.0
    dev: true
    engines:
      node: '>=8'
    resolution:
      integrity: sha512-ZMERYes6pDydyuGidse7OsHxtbI7WVeUEozgR/g7rd0xUimYNlvZRE/K2MgZTjWy725IfelLeVcEM97mmtRGXw==
  /is-core-module/2.2.0:
    dependencies:
      has: 1.0.3
    dev: true
    resolution:
      integrity: sha512-XRAfAdyyY5F5cOXn7hYQDqh2Xmii+DEfIcQGxK/uNwMHhIkPWO0g8msXcbzLe+MpGoR951MlqM/2iIlU4vKDdQ==
  /is-extglob/2.1.1:
    dev: true
    engines:
      node: '>=0.10.0'
    resolution:
      integrity: sha1-qIwCU1eR8C7TfHahueqXc8gz+MI=
  /is-glob/4.0.1:
    dependencies:
      is-extglob: 2.1.1
    dev: true
    engines:
      node: '>=0.10.0'
    resolution:
      integrity: sha512-5G0tKtBTFImOqDnLB2hG6Bp2qcKEFduo4tZu9MT/H6NQv/ghhy30o55ufafxJ/LdH79LLs2Kfrn85TLKyA7BUg==
  /is-number/7.0.0:
    dev: true
    engines:
      node: '>=0.12.0'
    resolution:
      integrity: sha512-41Cifkg6e8TylSpdtTpeLVMqvSBEVzTttHvERD741+pnZ8ANv0004MRL43QKPDlK9cGvNp6NZWZUBlbGXYxxng==
  /min-indent/1.0.1:
    dev: true
    engines:
      node: '>=4'
    resolution:
      integrity: sha512-I9jwMn07Sy/IwOj3zVkVik2JTvgpaykDZEigL6Rx6N9LbMywwUSMtxET+7lVoDLLd3O3IXwJwvuuns8UB/HeAg==
  /mri/1.1.6:
    dev: true
    engines:
      node: '>=4'
    resolution:
      integrity: sha512-oi1b3MfbyGa7FJMP9GmLTttni5JoICpYBRlq+x5V16fZbLsnL9N3wFqqIm/nIG43FjUFkFh9Epzp/kzUGUnJxQ==
  /ms/2.1.2:
    dev: true
    resolution:
      integrity: sha512-sGkPx+VjMtmA6MX27oA4FBFELFCZZ4S4XqeGOXCv68tT+jb3vk/RyaKWP0PTKyWtmLSM0b+adUTEvbs1PEaH2w==
  /nanoid/3.1.21:
    dev: true
    engines:
      node: ^10 || ^12 || ^13.7 || ^14 || >=15.0.1
    hasBin: true
    resolution:
      integrity: sha512-A6oZraK4DJkAOICstsGH98dvycPr/4GGDH7ZWKmMdd3vGcOurZ6JmWFUt0DA5bzrrn2FrUjmv6mFNWvv8jpppA==
  /node-fetch/2.6.1:
    dev: false
    engines:
      node: 4.x || >=6.0.0
    resolution:
      integrity: sha512-V4aYg89jEoVRxRb2fJdAg8FHvI7cEyYdVAh94HH0UIK8oJxUfkjlDQN9RbMx+bEjP7+ggMiFRprSti032Oipxw==
  /normalize-path/3.0.0:
    dev: true
    engines:
      node: '>=0.10.0'
    resolution:
      integrity: sha512-6eZs5Ls3WtCisHWp9S2GUy8dqkpGi4BVSz3GaqiE6ezub0512ESztXUwUB6C6IKbQkY2Pnb/mD4WYojCRwcwLA==
  /path-parse/1.0.6:
    dev: true
    resolution:
      integrity: sha512-GSmOT2EbHrINBf9SR7CDELwlJ8AENk3Qn7OikK4nFYAu3Ote2+JYNVvkpAEQm3/TLNEJFD/xZJjzyxg3KBWOzw==
  /picomatch/2.2.2:
    dev: true
    engines:
      node: '>=8.6'
    resolution:
      integrity: sha512-q0M/9eZHzmr0AulXyPwNfZjtwZ/RBZlbN3K3CErVrk50T2ASYI7Bye0EvekFY3IP1Nt2DHu0re+V2ZHIpMkuWg==
  /postcss/8.2.8:
    dependencies:
      colorette: 1.2.2
      nanoid: 3.1.21
      source-map: 0.6.1
    dev: true
    engines:
      node: ^10 || ^12 || >=14
    resolution:
      integrity: sha512-1F0Xb2T21xET7oQV9eKuctbM9S7BC0fetoHCc4H13z0PT6haiRLP4T0ZY4XWh7iLP0usgqykT6p9B2RtOf4FPw==
  /readdirp/3.5.0:
    dependencies:
      picomatch: 2.2.2
    dev: true
    engines:
      node: '>=8.10.0'
    resolution:
      integrity: sha512-cMhu7c/8rdhkHXWsY+osBhfSy0JikwpHK/5+imo+LpeasTF8ouErHrlYkwT0++njiyuDvc7OFY5T3ukvZ8qmFQ==
  /reduce-unique/2.0.1:
    dev: true
    engines:
      node: '>=6'
    resolution:
      integrity: sha512-x4jH/8L1eyZGR785WY+ePtyMNhycl1N2XOLxhCbzZFaqF4AXjLzqSxa2UHgJ2ZVR/HHyPOvl1L7xRnW8ye5MdA==
  /require-relative/0.8.7:
    dev: true
    resolution:
      integrity: sha1-eZlTn8ngR6N5KPoZb44VY9q9Nt4=
  /resolve/1.20.0:
    dependencies:
      is-core-module: 2.2.0
      path-parse: 1.0.6
    dev: true
    resolution:
      integrity: sha512-wENBPt4ySzg4ybFQW2TT1zMQucPK95HSh/nq2CFTZVOGut2+pQvSsgtda4d26YrYcr067wjbmzOG8byDPBX63A==
  /rollup/2.41.2:
    dev: true
    engines:
      node: '>=10.0.0'
    hasBin: true
    optionalDependencies:
      fsevents: 2.3.2
    resolution:
      integrity: sha512-6u8fJJXJx6fmvKrAC9DHYZgONvSkz8S9b/VFBjoQ6dkKdHyPpPbpqiNl2Bao9XBzDHpq672X6sGZ9G1ZBqAHMg==
  /sade/1.7.4:
    dependencies:
      mri: 1.1.6
    dev: true
    engines:
      node: '>= 6'
    resolution:
      integrity: sha512-y5yauMD93rX840MwUJr7C1ysLFBgMspsdTo4UVrDg3fXDvtwOyIqykhVAAm6fk/3au77773itJStObgK+LKaiA==
  /safer-buffer/2.1.2:
    dev: true
    resolution:
      integrity: sha512-YZo3K82SD7Riyi0E1EQPojLz7kpepnSQI9IyPbHHg1XXXevb5dJI7tpyN2ADxGcQbHG7vcyRHk0cbwqcQriUtg==
  /sass/1.32.8:
    dependencies:
      chokidar: 3.5.1
    dev: true
    engines:
      node: '>=8.9.0'
    hasBin: true
    resolution:
      integrity: sha512-Sl6mIeGpzjIUZqvKnKETfMf0iDAswD9TNlv13A7aAF3XZlRPMq4VvJWBC2N2DXbp94MQVdNSFG6LfF/iOXrPHQ==
  /slash/3.0.0:
    dev: true
    engines:
      node: '>=8'
    resolution:
      integrity: sha512-g9Q1haeby36OSStwb4ntCGGGaKsaVSjQ68fBxoQcutl5fS1vuY18H3wSt3jFyFtrkx+Kz0V1G85A4MyAdDMi2Q==
  /source-map/0.6.1:
    dev: true
    engines:
      node: '>=0.10.0'
    resolution:
      integrity: sha512-UjgapumWlbMhkBgzT7Ykc5YXUT46F0iKu8SGXq0bcwP5dz/h0Plj6enJqjz1Zbq2l5WaqYnrVbwWOWMyF3F47g==
  /source-map/0.7.3:
    dev: true
    engines:
      node: '>= 8'
    resolution:
      integrity: sha512-CkCj6giN3S+n9qrYiBTX5gystlENnRW5jZeNLHpe6aue+SrHcG5VYwujhW9s4dY31mEGsxBDrHR6oI69fTXsaQ==
  /strip-indent/3.0.0:
    dependencies:
      min-indent: 1.0.1
    dev: true
    engines:
      node: '>=8'
    resolution:
      integrity: sha512-laJTa3Jb+VQpaC6DseHhF7dXVqHTfJPCRDaEbid/drOhgitgYku/letMUqOXFoWV0zIIUbjpdH2t+tYj4bQMRQ==
  /supports-color/7.2.0:
    dependencies:
      has-flag: 4.0.0
    dev: true
    engines:
      node: '>=8'
    resolution:
      integrity: sha512-qpCAvRl9stuOHveKsn7HncJRvv501qIacKzQlO/+Lwxc9+0q2wLyv4Dfvt80/DPn2pqOBsJdDiogXGR9+OvwRw==
  /svelte-hmr/0.13.0-2_svelte@3.35.0:
    dependencies:
      svelte: 3.35.0
    dev: true
    peerDependencies:
      svelte: '>=3.19.0'
    resolution:
      integrity: sha512-3Sqxbs5hG212oweKhHzh2S7jVScylzbVXuEkydgdS9NpvcdnyCSufpaJSUNxUGc02wgjWugtqaJXs1DybAjRpw==
  /svelte-preprocess/4.6.9_3267835ea6c3508f3743accbc37c06ef:
    dependencies:
      '@types/pug': 2.0.4
      '@types/sass': 1.16.0
      detect-indent: 6.0.0
      sass: 1.32.8
      strip-indent: 3.0.0
      svelte: 3.35.0
      typescript: 4.2.3
    dev: true
    engines:
      node: '>= 9.11.2'
    peerDependencies:
      '@babel/core': ^7.10.2
      coffeescript: ^2.5.1
      less: ^3.11.3
      node-sass: '*'
      postcss: ^7 || ^8
      postcss-load-config: ^2.1.0 || ^3.0.0
      pug: ^3.0.0
      sass: ^1.26.8
      stylus: ^0.54.7
      sugarss: ^2.0.0
      svelte: ^3.23.0
      typescript: ^3.9.5 || ^4.0.0
    peerDependenciesMeta:
      '@babel/core':
        optional: true
      coffeescript:
        optional: true
      less:
        optional: true
      node-sass:
        optional: true
      postcss:
        optional: true
      postcss-load-config:
        optional: true
      pug:
        optional: true
      sass:
        optional: true
      stylus:
        optional: true
      sugarss:
        optional: true
      typescript:
        optional: true
    requiresBuild: true
    resolution:
      integrity: sha512-SROWH0rB0DJ+0Ii264cprmNu/NJyZacs5wFD71ya93Cg/oA2lKHgQm4F6j0EWA4ktFMzeuJJm/eX6fka39hEHA==
  /svelte/3.35.0:
    dev: true
    engines:
      node: '>= 8'
    resolution:
      integrity: sha512-gknlZkR2sXheu/X+B7dDImwANVvK1R0QGQLd8CNIfxxGPeXBmePnxfzb6fWwTQRsYQG7lYkZXvpXJvxvpsoB7g==
  /to-regex-range/5.0.1:
    dependencies:
      is-number: 7.0.0
    dev: true
    engines:
      node: '>=8.0'
    resolution:
      integrity: sha512-65P7iz6X5yEr1cwcgvQxbbIw7Uk3gOy5dIdtZ4rDveLqhrdJP+Li/Hx6tyK0NEb+2GCyneCMJiGqrADCSNk8sQ==
  /toml/3.0.0:
    dev: true
    resolution:
      integrity: sha512-y/mWCZinnvxjTKYhJ+pYxwD0mRLVvOtdS2Awbgxln6iEnt4rk0yBxeSBHkGJcPucRiG0e55mwWp+g/05rsrd6w==
  /tslib/2.1.0:
    dev: true
    resolution:
      integrity: sha512-hcVC3wYEziELGGmEEXue7D75zbwIIVUMWAVbHItGPx0ziyXxrOMQx4rQEVEV45Ut/1IotuEvwqPopzIOkDMf0A==
  /typescript/4.2.3:
    dev: true
    engines:
      node: '>=4.2.0'
    hasBin: true
    resolution:
      integrity: sha512-qOcYwxaByStAWrBf4x0fibwZvMRG+r4cQoTjbPtUlrWjBHbmCAww1i448U0GJ+3cNNEtebDteo/cHOR3xJ4wEw==
  /vite/2.0.5:
    dependencies:
      esbuild: 0.8.57
      postcss: 8.2.8
      resolve: 1.20.0
      rollup: 2.41.2
    dev: true
    engines:
      node: '>=12.0.0'
    hasBin: true
    optionalDependencies:
      fsevents: 2.3.2
    resolution:
      integrity: sha512-QTgEDbq1WsTtr6j+++ewjhBFEk6c8v0xz4fb/OWJQKNYU8ZZtphOshwOqAlnarSstPBtWCBR0tsugXx6ajfoUg==
specifiers:
  '@sveltejs/adapter-netlify': next
  '@sveltejs/adapter-node': next
  '@sveltejs/kit': next
  '@types/debounce': ^1.2.0
  country-code-lookup: 0.0.19
  d3-scale: ^3.2.3
  d3-scale-chromatic: ^2.0.0
  d3-shape: ^2.1.0
  debounce: ^1.2.1
  encoding: ^0.1.13
  node-fetch: ^2.6.1
  reduce-unique: ^2.0.1
  sass: ^1.32.8
  svelte: ^3.35.0
  svelte-preprocess: ^4.6.9
  tslib: ^2.1.0
  typescript: ^4.2.3
  vite: ^2.0.5
